
Microsoft Visual Studio Solution File, Format Version 12.00
# Visual Studio Version 16
VisualStudioVersion = 16.0.29911.84
MinimumVisualStudioVersion = 10.0.40219.1
Project("{FAE04EC0-301F-11D3-BF4B-00C04F79EFBC}") = "DiableGlobalShortcuts-Background", "DiableGlobalShortcuts-Background\DiableGlobalShortcuts-Background.csproj", "{3AD5B7E8-D883-4D95-83D8-83CD23A66364}"
EndProject
Project("{FAE04EC0-301F-11D3-BF4B-00C04F79EFBC}") = "DisableGlobalShortcuts.Util", "DisableGlobalShortcuts.Util\DisableGlobalShortcuts.Util.csproj", "{F233163C-76F9-4BC3-8B88-8E901B27DB2E}"
EndProject
Project("{FAE04EC0-301F-11D3-BF4B-00C04F79EFBC}") = "DiableGlobalShortcuts-Wpf", "DiableGlobalShortcuts-Wpf\DiableGlobalShortcuts-Wpf.csproj", "{D9D77896-6072-44DB-85E1-CF33D5581C47}"
EndProject
Project("{FAE04EC0-301F-11D3-BF4B-00C04F79EFBC}") = "DiableGlobalShortcuts-Winform", "DiableGlobalShortcuts-Winform\DiableGlobalShortcuts-Winform.csproj", "{5AA4B44B-6A56-4C7D-BD01-ACF0600B19F9}"
EndProject
Global
	GlobalSection(SolutionConfigurationPlatforms) = preSolution
		Debug|Any CPU = Debug|Any CPU
		Release|Any CPU = Release|Any CPU
	EndGlobalSection
	GlobalSection(ProjectConfigurationPlatforms) = postSolution
		{3AD5B7E8-D883-4D95-83D8-83CD23A66364}.Debug|Any CPU.ActiveCfg = Debug|Any CPU
		{3AD5B7E8-D883-4D95-83D8-83CD23A66364}.Debug|Any CPU.Build.0 = Debug|Any CPU
		{3AD5B7E8-D883-4D95-83D8-83CD23A66364}.Release|Any CPU.ActiveCfg = Release|Any CPU
		{3AD5B7E8-D883-4D95-83D8-83CD23A66364}.Release|Any CPU.Build.0 = Release|Any CPU
		{F233163C-76F9-4BC3-8B88-8E901B27DB2E}.Debug|Any CPU.ActiveCfg = Debug|Any CPU
		{F233163C-76F9-4BC3-8B88-8E901B27DB2E}.Debug|Any CPU.Build.0 = Debug|Any CPU
		{F233163C-76F9-4BC3-8B88-8E901B27DB2E}.Release|Any CPU.ActiveCfg = Release|Any CPU
		{F233163C-76F9-4BC3-8B88-8E901B27DB2E}.Release|Any CPU.Build.0 = Release|Any CPU
		{D9D77896-6072-44DB-85E1-CF33D5581C47}.Debug|Any CPU.ActiveCfg = Debug|Any CPU
		{D9D77896-6072-44DB-85E1-CF33D5581C47}.Debug|Any CPU.Build.0 = Debug|Any CPU
		{D9D77896-6072-44DB-85E1-CF33D5581C47}.Release|Any CPU.ActiveCfg = Release|Any CPU
		{D9D77896-6072-44DB-85E1-CF33D5581C47}.Release|Any CPU.Build.0 = Release|Any CPU
		{5AA4B44B-6A56-4C7D-BD01-ACF0600B19F9}.Debug|Any CPU.ActiveCfg = Debug|Any CPU
		{5AA4B44B-6A56-4C7D-BD01-ACF0600B19F9}.Debug|Any CPU.Build.0 = Debug|Any CPU
		{5AA4B44B-6A56-4C7D-BD01-ACF0600B19F9}.Release|Any CPU.ActiveCfg = Release|Any CPU
		{5AA4B44B-6A56-4C7D-BD01-ACF0600B19F9}.Release|Any CPU.Build.0 = Release|Any CPU
	EndGlobalSection
	GlobalSection(SolutionProperties) = preSolution
		HideSolutionNode = FALSE
	EndGlobalSection
	GlobalSection(ExtensibilityGlobals) = postSolution
		SolutionGuid = {153D4E93-8524-4BBC-A34D-3AB45C1D5889}
	EndGlobalSection
EndGlobal
